<?xml version="1.0" encoding="utf-8"?>
<Project ToolsVersion="4.0" xmlns="http://schemas.microsoft.com/developer/msbuild/2003">
  <ItemGroup>
    <ClCompile Include="AliexamAnswer.cpp" />
    <ClCompile Include="binTree.c" />
    <ClCompile Include="ClassLearn.cpp" />
    <ClCompile Include="Huawei_exam.cpp" />
    <ClCompile Include="jump.cpp" />
    <ClCompile Include="leetcode_3.cpp" />
    <ClCompile Include="Map_learn.cpp" />
    <ClCompile Include="meituan.cpp" />
    <ClCompile Include="practice.cpp" />
    <ClCompile Include="practice_10.cpp" />
    <ClCompile Include="practice_11.cpp" />
    <ClCompile Include="practice_12.cpp" />
    <ClCompile Include="practice_13.cpp" />
    <ClCompile Include="practice_14.cpp" />
    <ClCompile Include="practice_15.cpp" />
    <ClCompile Include="practice_16.cpp" />
    <ClCompile Include="practice_17.cpp" />
    <ClCompile Include="practice_18.cpp" />
    <ClCompile Include="practice_19.cpp" />
    <ClCompile Include="practice_2.cpp" />
    <ClCompile Include="practice_20.cpp" />
    <ClCompile Include="practice_21.cpp" />
    <ClCompile Include="practice_22.cpp" />
    <ClCompile Include="practice_23.cpp" />
    <ClCompile Include="practice_24.cpp" />
    <ClCompile Include="practice_25.cpp" />
    <ClCompile Include="practice_26.cpp" />
    <ClCompile Include="practice_27.cpp" />
    <ClCompile Include="practice_29.cpp" />
    <ClCompile Include="practice_28.cpp" />
    <ClCompile Include="practice_3.cpp" />
    <ClCompile Include="practice_30.cpp" />
    <ClCompile Include="practice_31.cpp" />
    <ClCompile Include="practice_32.cpp" />
    <ClCompile Include="practice_33.cpp" />
    <ClCompile Include="practice_34.cpp" />
    <ClCompile Include="practice_35.cpp" />
    <ClCompile Include="practice_36.cpp" />
    <ClCompile Include="practice_37.cpp" />
    <ClCompile Include="practice_38.cpp" />
    <ClCompile Include="practice_39.cpp" />
    <ClCompile Include="practice_4.cpp" />
    <ClCompile Include="practice_40.cpp" />
    <ClCompile Include="practice_41.cpp" />
    <ClCompile Include="practice_42.cpp" />
    <ClCompile Include="practice_43.cpp" />
    <ClCompile Include="practice_44.cpp" />
    <ClCompile Include="practice_45.cpp" />
    <ClCompile Include="practice_46.cpp" />
    <ClCompile Include="practice_47.cpp" />
    <ClCompile Include="practice_48.cpp" />
    <ClCompile Include="practice_49.cpp" />
    <ClCompile Include="practice_5.cpp" />
    <ClCompile Include="practice_50.cpp" />
    <ClCompile Include="practice_51.cpp" />
    <ClCompile Include="practice_52.cpp" />
    <ClCompile Include="practice_53.cpp" />
    <ClCompile Include="practice_54.cpp" />
    <ClCompile Include="practice_55.cpp" />
    <ClCompile Include="practice_56.cpp" />
    <ClCompile Include="practice_6.cpp" />
    <ClCompile Include="practice_7.cpp" />
    <ClCompile Include="practice_8.cpp" />
    <ClCompile Include="practice_9.cpp" />
    <ClCompile Include="shudu.cpp" />
    <ClCompile Include="Tencent_1.cpp" />
    <ClCompile Include="Tencent_Exam.cpp" />
    <ClCompile Include="huawei_zhou.cpp" />
  </ItemGroup>
  <ItemGroup>
    <ClInclude Include="targetver.h" />
  </ItemGroup>
  <ItemGroup>
    <Text Include="ReadMe.txt" />
  </ItemGroup>
</Project>