<?xml version="1.0" encoding="utf-8"?>
<Project ToolsVersion="4.0" xmlns="http://schemas.microsoft.com/developer/msbuild/2003">
  <ItemGroup>
    <Filter Include="源文件">
      <UniqueIdentifier>{4FC737F1-C7A5-4376-A066-2A32D752A2FF}</UniqueIdentifier>
      <Extensions>cpp;c;cc;cxx;def;odl;idl;hpj;bat;asm;asmx</Extensions>
    </Filter>
    <Filter Include="头文件">
      <UniqueIdentifier>{93995380-89BD-4b04-88EB-625FBE52EBFB}</UniqueIdentifier>
      <Extensions>h;hh;hpp;hxx;hm;inl;inc;xsd</Extensions>
    </Filter>
    <Filter Include="资源文件">
      <UniqueIdentifier>{67DA6AB6-F800-4c08-8B7A-83BB121AAD01}</UniqueIdentifier>
      <Extensions>rc;ico;cur;bmp;dlg;rc2;rct;bin;rgs;gif;jpg;jpeg;jpe;resx;tiff;tif;png;wav;mfcribbon-ms</Extensions>
    </Filter>
  </ItemGroup>
  <ItemGroup>
    <Text Include="ReadMe.txt" />
  </ItemGroup>
  <ItemGroup>
    <ClInclude Include="targetver.h">
      <Filter>头文件</Filter>
    </ClInclude>
  </ItemGroup>
  <ItemGroup>
    <ClCompile Include="binTree.c">
      <Filter>源文件</Filter>
    </ClCompile>
    <ClCompile Include="Map_learn.cpp">
      <Filter>源文件</Filter>
    </ClCompile>
    <ClCompile Include="practice_21.cpp">
      <Filter>源文件</Filter>
    </ClCompile>
    <ClCompile Include="practice_22.cpp">
      <Filter>源文件</Filter>
    </ClCompile>
    <ClCompile Include="practice_23.cpp">
      <Filter>源文件</Filter>
    </ClCompile>
    <ClCompile Include="practice_24.cpp">
      <Filter>源文件</Filter>
    </ClCompile>
    <ClCompile Include="practice_25.cpp">
      <Filter>源文件</Filter>
    </ClCompile>
    <ClCompile Include="practice_26.cpp">
      <Filter>源文件</Filter>
    </ClCompile>
    <ClCompile Include="AliexamAnswer.cpp">
      <Filter>源文件</Filter>
    </ClCompile>
    <ClCompile Include="ClassLearn.cpp">
      <Filter>源文件</Filter>
    </ClCompile>
    <ClCompile Include="jump.cpp">
      <Filter>源文件</Filter>
    </ClCompile>
    <ClCompile Include="practice_27.cpp">
      <Filter>源文件</Filter>
    </ClCompile>
    <ClCompile Include="practice_29.cpp">
      <Filter>源文件</Filter>
    </ClCompile>
    <ClCompile Include="practice_28.cpp">
      <Filter>源文件</Filter>
    </ClCompile>
    <ClCompile Include="practice_30.cpp">
      <Filter>源文件</Filter>
    </ClCompile>
    <ClCompile Include="practice_31.cpp">
      <Filter>源文件</Filter>
    </ClCompile>
    <ClCompile Include="practice_32.cpp">
      <Filter>源文件</Filter>
    </ClCompile>
    <ClCompile Include="practice_33.cpp">
      <Filter>源文件</Filter>
    </ClCompile>
    <ClCompile Include="practice_34.cpp">
      <Filter>源文件</Filter>
    </ClCompile>
    <ClCompile Include="practice_35.cpp">
      <Filter>源文件</Filter>
    </ClCompile>
    <ClCompile Include="practice.cpp">
      <Filter>源文件</Filter>
    </ClCompile>
    <ClCompile Include="practice_2.cpp">
      <Filter>源文件</Filter>
    </ClCompile>
    <ClCompile Include="practice_3.cpp">
      <Filter>源文件</Filter>
    </ClCompile>
    <ClCompile Include="practice_4.cpp">
      <Filter>源文件</Filter>
    </ClCompile>
    <ClCompile Include="practice_5.cpp">
      <Filter>源文件</Filter>
    </ClCompile>
    <ClCompile Include="practice_6.cpp">
      <Filter>源文件</Filter>
    </ClCompile>
    <ClCompile Include="practice_7.cpp">
      <Filter>源文件</Filter>
    </ClCompile>
    <ClCompile Include="practice_8.cpp">
      <Filter>源文件</Filter>
    </ClCompile>
    <ClCompile Include="practice_9.cpp">
      <Filter>源文件</Filter>
    </ClCompile>
    <ClCompile Include="practice_10.cpp">
      <Filter>源文件</Filter>
    </ClCompile>
    <ClCompile Include="practice_11.cpp">
      <Filter>源文件</Filter>
    </ClCompile>
    <ClCompile Include="practice_12.cpp">
      <Filter>源文件</Filter>
    </ClCompile>
    <ClCompile Include="practice_13.cpp">
      <Filter>源文件</Filter>
    </ClCompile>
    <ClCompile Include="practice_14.cpp">
      <Filter>源文件</Filter>
    </ClCompile>
    <ClCompile Include="practice_15.cpp">
      <Filter>源文件</Filter>
    </ClCompile>
    <ClCompile Include="practice_16.cpp">
      <Filter>源文件</Filter>
    </ClCompile>
    <ClCompile Include="practice_17.cpp">
      <Filter>源文件</Filter>
    </ClCompile>
    <ClCompile Include="practice_18.cpp">
      <Filter>源文件</Filter>
    </ClCompile>
    <ClCompile Include="practice_19.cpp">
      <Filter>源文件</Filter>
    </ClCompile>
    <ClCompile Include="practice_20.cpp">
      <Filter>源文件</Filter>
    </ClCompile>
    <ClCompile Include="practice_36.cpp">
      <Filter>源文件</Filter>
    </ClCompile>
    <ClCompile Include="practice_37.cpp">
      <Filter>源文件</Filter>
    </ClCompile>
    <ClCompile Include="practice_38.cpp">
      <Filter>源文件</Filter>
    </ClCompile>
    <ClCompile Include="practice_39.cpp">
      <Filter>源文件</Filter>
    </ClCompile>
    <ClCompile Include="practice_40.cpp">
      <Filter>源文件</Filter>
    </ClCompile>
    <ClCompile Include="practice_41.cpp">
      <Filter>源文件</Filter>
    </ClCompile>
    <ClCompile Include="practice_42.cpp">
      <Filter>源文件</Filter>
    </ClCompile>
    <ClCompile Include="practice_43.cpp">
      <Filter>源文件</Filter>
    </ClCompile>
    <ClCompile Include="practice_44.cpp">
      <Filter>源文件</Filter>
    </ClCompile>
    <ClCompile Include="practice_45.cpp">
      <Filter>源文件</Filter>
    </ClCompile>
    <ClCompile Include="practice_46.cpp">
      <Filter>源文件</Filter>
    </ClCompile>
    <ClCompile Include="practice_47.cpp">
      <Filter>源文件</Filter>
    </ClCompile>
    <ClCompile Include="practice_48.cpp">
      <Filter>源文件</Filter>
    </ClCompile>
    <ClCompile Include="practice_49.cpp">
      <Filter>源文件</Filter>
    </ClCompile>
    <ClCompile Include="practice_50.cpp">
      <Filter>源文件</Filter>
    </ClCompile>
    <ClCompile Include="practice_51.cpp">
      <Filter>源文件</Filter>
    </ClCompile>
    <ClCompile Include="practice_52.cpp">
      <Filter>源文件</Filter>
    </ClCompile>
    <ClCompile Include="practice_53.cpp">
      <Filter>源文件</Filter>
    </ClCompile>
    <ClCompile Include="shudu.cpp">
      <Filter>源文件</Filter>
    </ClCompile>
    <ClCompile Include="Tencent_1.cpp">
      <Filter>源文件</Filter>
    </ClCompile>
    <ClCompile Include="Tencent_Exam.cpp">
      <Filter>源文件</Filter>
    </ClCompile>
    <ClCompile Include="practice_54.cpp">
      <Filter>源文件</Filter>
    </ClCompile>
    <ClCompile Include="practice_55.cpp">
      <Filter>源文件</Filter>
    </ClCompile>
    <ClCompile Include="practice_56.cpp">
      <Filter>源文件</Filter>
    </ClCompile>
    <ClCompile Include="Huawei_exam.cpp">
      <Filter>源文件</Filter>
    </ClCompile>
    <ClCompile Include="leetcode_3.cpp">
      <Filter>源文件</Filter>
    </ClCompile>
  </ItemGroup>
</Project>